{
	"name": "desktop-application",
	"version": "0.0.1",
	"lockfileVersion": 2,
	"requires": true,
	"packages": {
		"": {
			"name": "desktop-application",
			"version": "0.0.1",
			"dependencies": {
				"file-icon": "^4.0.0"
			}
		},
		"node_modules/aggregate-error": {
			"version": "3.1.0",
			"resolved": "https://registry.npmjs.org/aggregate-error/-/aggregate-error-3.1.0.tgz",
			"integrity": "sha512-4I7Td01quW/RpocfNayFdFVk1qSuoh0E7JrbRJ16nH01HhKFQ88INq9Sd+nd72zqRySlr9BmDA8xlEJ6vJMrYA==",
			"dependencies": {
				"clean-stack": "^2.0.0",
				"indent-string": "^4.0.0"
			},
			"engines": {
				"node": ">=8"
			}
		},
		"node_modules/clean-stack": {
			"version": "2.2.0",
			"resolved": "https://registry.npmjs.org/clean-stack/-/clean-stack-2.2.0.tgz",
			"integrity": "sha512-4diC9HaTE+KRAMWhDhrGOECgWZxoevMc5TlkObMqNSsVU62PYzXZ/SMTjzyGAFF1YusgxGcSWTEXBhp0CPwQ1A==",
			"engines": {
				"node": ">=6"
			}
		},
		"node_modules/file-icon": {
			"version": "4.0.0",
			"resolved": "https://registry.npmjs.org/file-icon/-/file-icon-4.0.0.tgz",
			"integrity": "sha512-e3L0RlV1Wq2EiJg5d3vHUJdGY5mMhmxqOKSzUfktsLtBCKFcXH5PzpJ5wMgwgW2D2DbKzOg8i2ptFJjAOlA4Pw==",
			"dependencies": {
				"p-map": "^4.0.0"
			},
			"engines": {
				"node": ">=10"
			},
			"funding": {
				"url": "https://github.com/sponsors/sindresorhus"
			}
		},
		"node_modules/indent-string": {
			"version": "4.0.0",
			"resolved": "https://registry.npmjs.org/indent-string/-/indent-string-4.0.0.tgz",
			"integrity": "sha512-EdDDZu4A2OyIK7Lr/2zG+w5jmbuk1DVBnEwREQvBzspBJkCEbRa8GxU1lghYcaGJCnRWibjDXlq779X1/y5xwg==",
			"engines": {
				"node": ">=8"
			}
		},
		"node_modules/p-map": {
			"version": "4.0.0",
			"resolved": "https://registry.npmjs.org/p-map/-/p-map-4.0.0.tgz",
			"integrity": "sha512-/bjOqmgETBYB5BoEeGVea8dmvHb2m9GLy1E9W43yeyfP6QQCZGFNa+XRceJEuDB6zqr+gKpIAmlLebMpykw/MQ==",
			"dependencies": {
				"aggregate-error": "^3.0.0"
			},
			"engines": {
				"node": ">=10"
			},
			"funding": {
				"url": "https://github.com/sponsors/sindresorhus"
			}
		}
	},
	"dependencies": {
		"aggregate-error": {
			"version": "3.1.0",
			"resolved": "https://registry.npmjs.org/aggregate-error/-/aggregate-error-3.1.0.tgz",
			"integrity": "sha512-4I7Td01quW/RpocfNayFdFVk1qSuoh0E7JrbRJ16nH01HhKFQ88INq9Sd+nd72zqRySlr9BmDA8xlEJ6vJMrYA==",
			"requires": {
				"clean-stack": "^2.0.0",
				"indent-string": "^4.0.0"
			}
		},
		"clean-stack": {
			"version": "2.2.0",
			"resolved": "https://registry.npmjs.org/clean-stack/-/clean-stack-2.2.0.tgz",
			"integrity": "sha512-4diC9HaTE+KRAMWhDhrGOECgWZxoevMc5TlkObMqNSsVU62PYzXZ/SMTjzyGAFF1YusgxGcSWTEXBhp0CPwQ1A=="
		},
		"file-icon": {
			"version": "4.0.0",
			"resolved": "https://registry.npmjs.org/file-icon/-/file-icon-4.0.0.tgz",
			"integrity": "sha512-e3L0RlV1Wq2EiJg5d3vHUJdGY5mMhmxqOKSzUfktsLtBCKFcXH5PzpJ5wMgwgW2D2DbKzOg8i2ptFJjAOlA4Pw==",
			"requires": {
				"p-map": "^4.0.0"
			}
		},
		"indent-string": {
			"version": "4.0.0",
			"resolved": "https://registry.npmjs.org/indent-string/-/indent-string-4.0.0.tgz",
			"integrity": "sha512-EdDDZu4A2OyIK7Lr/2zG+w5jmbuk1DVBnEwREQvBzspBJkCEbRa8GxU1lghYcaGJCnRWibjDXlq779X1/y5xwg=="
		},
		"p-map": {
			"version": "4.0.0",
			"resolved": "https://registry.npmjs.org/p-map/-/p-map-4.0.0.tgz",
			"integrity": "sha512-/bjOqmgETBYB5BoEeGVea8dmvHb2m9GLy1E9W43yeyfP6QQCZGFNa+XRceJEuDB6zqr+gKpIAmlLebMpykw/MQ==",
			"requires": {
				"aggregate-error": "^3.0.0"
			}
		}
	}
}
